
Microsoft Visual Studio Solution File, Format Version 12.00
# Visual Studio 14
VisualStudioVersion = 14.0.25420.1
MinimumVisualStudioVersion = 10.0.40219.1
Project("{FAE04EC0-301F-11D3-BF4B-00C04F79EFBC}") = "Slasher.Entities", "Slasher.Entities\Slasher.Entities.csproj", "{3DDE6871-4FCF-42CD-855C-3978612A77B2}"
EndProject
Project("{FAE04EC0-301F-11D3-BF4B-00C04F79EFBC}") = "Slasher.Client", "Slasher.Client\Slasher.Client.csproj", "{294910A1-E2F3-4C14-A683-10767606E0AE}"
EndProject
Project("{FAE04EC0-301F-11D3-BF4B-00C04F79EFBC}") = "Slasher.Server", "Slasher.Server\Slasher.Server.csproj", "{130CC6BE-2E13-48C2-9E56-E5E85451954A}"
EndProject
Project("{FAE04EC0-301F-11D3-BF4B-00C04F79EFBC}") = "Protocols", "Protocols\Protocols.csproj", "{198C2075-221E-4005-8AFD-300B6BB9E64E}"
EndProject
Global
	GlobalSection(SolutionConfigurationPlatforms) = preSolution
		Debug|Any CPU = Debug|Any CPU
		Release|Any CPU = Release|Any CPU
	EndGlobalSection
	GlobalSection(ProjectConfigurationPlatforms) = postSolution
		{3DDE6871-4FCF-42CD-855C-3978612A77B2}.Debug|Any CPU.ActiveCfg = Debug|Any CPU
		{3DDE6871-4FCF-42CD-855C-3978612A77B2}.Debug|Any CPU.Build.0 = Debug|Any CPU
		{3DDE6871-4FCF-42CD-855C-3978612A77B2}.Release|Any CPU.ActiveCfg = Release|Any CPU
		{3DDE6871-4FCF-42CD-855C-3978612A77B2}.Release|Any CPU.Build.0 = Release|Any CPU
		{294910A1-E2F3-4C14-A683-10767606E0AE}.Debug|Any CPU.ActiveCfg = Debug|Any CPU
		{294910A1-E2F3-4C14-A683-10767606E0AE}.Debug|Any CPU.Build.0 = Debug|Any CPU
		{294910A1-E2F3-4C14-A683-10767606E0AE}.Release|Any CPU.ActiveCfg = Release|Any CPU
		{294910A1-E2F3-4C14-A683-10767606E0AE}.Release|Any CPU.Build.0 = Release|Any CPU
		{130CC6BE-2E13-48C2-9E56-E5E85451954A}.Debug|Any CPU.ActiveCfg = Debug|Any CPU
		{130CC6BE-2E13-48C2-9E56-E5E85451954A}.Debug|Any CPU.Build.0 = Debug|Any CPU
		{130CC6BE-2E13-48C2-9E56-E5E85451954A}.Release|Any CPU.ActiveCfg = Release|Any CPU
		{130CC6BE-2E13-48C2-9E56-E5E85451954A}.Release|Any CPU.Build.0 = Release|Any CPU
		{198C2075-221E-4005-8AFD-300B6BB9E64E}.Debug|Any CPU.ActiveCfg = Debug|Any CPU
		{198C2075-221E-4005-8AFD-300B6BB9E64E}.Debug|Any CPU.Build.0 = Debug|Any CPU
		{198C2075-221E-4005-8AFD-300B6BB9E64E}.Release|Any CPU.ActiveCfg = Release|Any CPU
		{198C2075-221E-4005-8AFD-300B6BB9E64E}.Release|Any CPU.Build.0 = Release|Any CPU
	EndGlobalSection
	GlobalSection(SolutionProperties) = preSolution
		HideSolutionNode = FALSE
	EndGlobalSection
EndGlobal
